
Microsoft Visual Studio Solution File, Format Version 12.00
# Visual Studio Version 17
VisualStudioVersion = 17.9.34714.143
MinimumVisualStudioVersion = 10.0.40219.1
Project("{FAE04EC0-301F-11D3-BF4B-00C04F79EFBC}") = "אתר לחטופים", "312\אתר לחטופים.csproj", "{0CCE0DA6-BFD6-4DBE-8ADD-F41C478B50C3}"
EndProject
Global
	GlobalSection(SolutionConfigurationPlatforms) = preSolution
		Debug|Any CPU = Debug|Any CPU
		Release|Any CPU = Release|Any CPU
	EndGlobalSection
	GlobalSection(ProjectConfigurationPlatforms) = postSolution
		{0CCE0DA6-BFD6-4DBE-8ADD-F41C478B50C3}.Debug|Any CPU.ActiveCfg = Debug|Any CPU
		{0CCE0DA6-BFD6-4DBE-8ADD-F41C478B50C3}.Debug|Any CPU.Build.0 = Debug|Any CPU
		{0CCE0DA6-BFD6-4DBE-8ADD-F41C478B50C3}.Release|Any CPU.ActiveCfg = Release|Any CPU
		{0CCE0DA6-BFD6-4DBE-8ADD-F41C478B50C3}.Release|Any CPU.Build.0 = Release|Any CPU
	EndGlobalSection
	GlobalSection(SolutionProperties) = preSolution
		HideSolutionNode = FALSE
	EndGlobalSection
	GlobalSection(ExtensibilityGlobals) = postSolution
		SolutionGuid = {088A8C4B-513F-48BE-99CC-BF31F19C9726}
	EndGlobalSection
EndGlobal
